{
  "requires": true,
  "lockfileVersion": 1,
  "dependencies": {
    "bootstrap": {
      "version": "4.0.0",
      "resolved": "https://registry.npmjs.org/bootstrap/-/bootstrap-4.0.0.tgz",
      "integrity": "sha512-gulJE5dGFo6Q61V/whS6VM4WIyrlydXfCgkE+Gxe5hjrJ8rXLLZlALq7zq2RPhOc45PSwQpJkrTnc2KgD6cvmA=="
    },
    "sass": {
      "version": "1.0.0-beta.5.2",
      "resolved": "https://registry.npmjs.org/sass/-/sass-1.0.0-beta.5.2.tgz",
      "integrity": "sha512-JM34UDy1QS074OVExFfwKdeWuD4sbVrYOsdEzN3crAYcdp3FyIc5ZPIQDV4ttGVq10fDqyRtO9W7SN8USuMhxw=="
    }
  }
}
